
Microsoft Visual Studio Solution File, Format Version 12.00
# Visual Studio Version 17
VisualStudioVersion = 17.13.35806.99 d17.13
MinimumVisualStudioVersion = 10.0.40219.1
Project("{FAE04EC0-301F-11D3-BF4B-00C04F79EFBC}") = "DayNightSimulation", "DayNightSimulation.csproj", "{E98454F1-AF2E-4C1A-96A0-D9A7A30F6E1B}"
EndProject
Global
	GlobalSection(SolutionConfigurationPlatforms) = preSolution
		Debug|Any CPU = Debug|Any CPU
		Release|Any CPU = Release|Any CPU
	EndGlobalSection
	GlobalSection(ProjectConfigurationPlatforms) = postSolution
		{E98454F1-AF2E-4C1A-96A0-D9A7A30F6E1B}.Debug|Any CPU.ActiveCfg = Debug|Any CPU
		{E98454F1-AF2E-4C1A-96A0-D9A7A30F6E1B}.Debug|Any CPU.Build.0 = Debug|Any CPU
		{E98454F1-AF2E-4C1A-96A0-D9A7A30F6E1B}.Release|Any CPU.ActiveCfg = Release|Any CPU
		{E98454F1-AF2E-4C1A-96A0-D9A7A30F6E1B}.Release|Any CPU.Build.0 = Release|Any CPU
	EndGlobalSection
	GlobalSection(SolutionProperties) = preSolution
		HideSolutionNode = FALSE
	EndGlobalSection
	GlobalSection(ExtensibilityGlobals) = postSolution
		SolutionGuid = {11CF9338-2131-467E-A666-F9A4151003EE}
	EndGlobalSection
EndGlobal
